
Microsoft Visual Studio Solution File, Format Version 12.00
# Visual Studio Version 16
VisualStudioVersion = 16.0.32929.386
MinimumVisualStudioVersion = 10.0.40219.1
Project("{9A19103F-16F7-4668-BE54-9A1E7A4F7556}") = "LC2KeepassPasswordDumper5.0", "LC2KeepassPasswordDumper5.0.csproj", "{95E4793E-8469-4A5B-A745-094D2C5661A8}"
EndProject
Global
	GlobalSection(SolutionConfigurationPlatforms) = preSolution
		Debug|Any CPU = Debug|Any CPU
		Release|Any CPU = Release|Any CPU
	EndGlobalSection
	GlobalSection(ProjectConfigurationPlatforms) = postSolution
		{95E4793E-8469-4A5B-A745-094D2C5661A8}.Debug|Any CPU.ActiveCfg = Debug|Any CPU
		{95E4793E-8469-4A5B-A745-094D2C5661A8}.Debug|Any CPU.Build.0 = Debug|Any CPU
		{95E4793E-8469-4A5B-A745-094D2C5661A8}.Release|Any CPU.ActiveCfg = Release|Any CPU
		{95E4793E-8469-4A5B-A745-094D2C5661A8}.Release|Any CPU.Build.0 = Release|Any CPU
	EndGlobalSection
	GlobalSection(SolutionProperties) = preSolution
		HideSolutionNode = FALSE
	EndGlobalSection
	GlobalSection(ExtensibilityGlobals) = postSolution
		SolutionGuid = {F9AFE9B3-12D3-4B42-904D-F258390F0699}
	EndGlobalSection
EndGlobal
