
Microsoft Visual Studio Solution File, Format Version 12.00
# Visual Studio 15
VisualStudioVersion = 15.0.27004.2009
MinimumVisualStudioVersion = 10.0.40219.1
Project("{FAE04EC0-301F-11D3-BF4B-00C04F79EFBC}") = "LC2WindowsService", "LC2WindowsService.csproj", "{2FA3EE86-6125-4C79-B122-35DFD0083EBA}"
EndProject
Global
	GlobalSection(SolutionConfigurationPlatforms) = preSolution
		Debug|Any CPU = Debug|Any CPU
		Release|Any CPU = Release|Any CPU
	EndGlobalSection
	GlobalSection(ProjectConfigurationPlatforms) = postSolution
		{2FA3EE86-6125-4C79-B122-35DFD0083EBA}.Debug|Any CPU.ActiveCfg = Debug|Any CPU
		{2FA3EE86-6125-4C79-B122-35DFD0083EBA}.Debug|Any CPU.Build.0 = Debug|Any CPU
		{2FA3EE86-6125-4C79-B122-35DFD0083EBA}.Release|Any CPU.ActiveCfg = Release|Any CPU
		{2FA3EE86-6125-4C79-B122-35DFD0083EBA}.Release|Any CPU.Build.0 = Release|Any CPU
	EndGlobalSection
	GlobalSection(SolutionProperties) = preSolution
		HideSolutionNode = FALSE
	EndGlobalSection
	GlobalSection(ExtensibilityGlobals) = postSolution
		SolutionGuid = {B5221B70-852C-4BDB-95D4-7BDC171784FD}
	EndGlobalSection
EndGlobal
