
Microsoft Visual Studio Solution File, Format Version 11.00
# Visual Studio 2010
# SharpDevelop 4.2.1.8805
Project("{FAE04EC0-301F-11D3-BF4B-00C04F79EFBC}") = "LC2Clock2015", "LC2Clock2015.csproj", "{FCD2B7CF-266A-4CBF-9F1E-0A07590E0C57}"
EndProject
Project("{FAE04EC0-301F-11D3-BF4B-00C04F79EFBC}") = "LC2ClockControl", "..\LC2ClockControl\LC2ClockControl.csproj", "D494752C-97A4-4033-8244-92BBE3CE42CD"
EndProject
Global
	GlobalSection(SolutionConfigurationPlatforms) = preSolution
		Debug|Any CPU = Debug|Any CPU
		Release|Any CPU = Release|Any CPU
	EndGlobalSection
	GlobalSection(ProjectConfigurationPlatforms) = postSolution
		{FCD2B7CF-266A-4CBF-9F1E-0A07590E0C57}.Debug|Any CPU.ActiveCfg = Debug|Any CPU
		{FCD2B7CF-266A-4CBF-9F1E-0A07590E0C57}.Debug|Any CPU.Build.0 = Debug|Any CPU
		{FCD2B7CF-266A-4CBF-9F1E-0A07590E0C57}.Release|Any CPU.ActiveCfg = Release|Any CPU
		{FCD2B7CF-266A-4CBF-9F1E-0A07590E0C57}.Release|Any CPU.Build.0 = Release|Any CPU
		D494752C-97A4-4033-8244-92BBE3CE42CD.Debug|Any CPU.Build.0 = Debug|Any CPU
		D494752C-97A4-4033-8244-92BBE3CE42CD.Debug|Any CPU.ActiveCfg = Debug|Any CPU
		D494752C-97A4-4033-8244-92BBE3CE42CD.Release|Any CPU.Build.0 = Release|Any CPU
		D494752C-97A4-4033-8244-92BBE3CE42CD.Release|Any CPU.ActiveCfg = Release|Any CPU
	EndGlobalSection
EndGlobal
