
Microsoft Visual Studio Solution File, Format Version 12.00
# Visual Studio Version 16
VisualStudioVersion = 16.0.31321.278
MinimumVisualStudioVersion = 10.0.40219.1
Project("{FAE04EC0-301F-11D3-BF4B-00C04F79EFBC}") = "LC2PingAsync", "LC2PingAsync\LC2PingAsync.csproj", "{A41A606A-A0E0-415B-A7BD-AA2A80EFD075}"
EndProject
Global
	GlobalSection(SolutionConfigurationPlatforms) = preSolution
		Debug|Any CPU = Debug|Any CPU
		Release|Any CPU = Release|Any CPU
	EndGlobalSection
	GlobalSection(ProjectConfigurationPlatforms) = postSolution
		{A41A606A-A0E0-415B-A7BD-AA2A80EFD075}.Debug|Any CPU.ActiveCfg = Debug|Any CPU
		{A41A606A-A0E0-415B-A7BD-AA2A80EFD075}.Debug|Any CPU.Build.0 = Debug|Any CPU
		{A41A606A-A0E0-415B-A7BD-AA2A80EFD075}.Release|Any CPU.ActiveCfg = Release|Any CPU
		{A41A606A-A0E0-415B-A7BD-AA2A80EFD075}.Release|Any CPU.Build.0 = Release|Any CPU
	EndGlobalSection
	GlobalSection(SolutionProperties) = preSolution
		HideSolutionNode = FALSE
	EndGlobalSection
	GlobalSection(ExtensibilityGlobals) = postSolution
		SolutionGuid = {6AF8DF0F-BE17-4EC0-87B5-606B374F9A6D}
	EndGlobalSection
EndGlobal
